{
  "name": "sqlifyjson",
  "version": "1.2.0",
  "lockfileVersion": 3,
  "requires": true,
  "packages": {
    "": {
      "name": "sqlifyjson",
      "version": "1.2.0",
      "license": "ISC",
      "dependencies": {
        "sqlifyjson": "^1.1.0"
      }
    },
    "node_modules/sqlifyjson": {
      "version": "1.1.0",
      "resolved": "https://registry.npmjs.org/sqlifyjson/-/sqlifyjson-1.1.0.tgz",
      "integrity": "sha512-JKyPCrLn/dw2BsrhXawYWhZhFb9x7lBeNS4Z1edstBKavuAYfvM63ePD4PTo1mlUXcBFSFV2ZGzMs01AUEPa9w=="
    }
  }
}
